
Microsoft Visual Studio Solution File, Format Version 12.00
# Visual Studio Version 16
VisualStudioVersion = 25.0.1706.10
MinimumVisualStudioVersion = 10.0.40219.1
Project("{FAE04EC0-301F-11D3-BF4B-00C04F79EFBC}") = "ECommerceAPI", "ECommerceAPI\ECommerceAPI.csproj", "{4925143C-83E1-41D4-BD4E-E7AB152FB86C}"
EndProject
Project("{FAE04EC0-301F-11D3-BF4B-00C04F79EFBC}") = "ECommerceSolution.DAL", "ECommerceSolution.DAL\ECommerceSolution.DAL.csproj", "{2A5F32B1-5DD8-4245-B4C2-8C9C76C355EA}"
EndProject
Project("{FAE04EC0-301F-11D3-BF4B-00C04F79EFBC}") = "ECommerceConsolApp", "ECommerceConsolApp\ECommerceConsolApp.csproj", "{862F0D20-FEF1-4CBF-8338-238F28D4AA6C}"
EndProject
Global
	GlobalSection(SolutionConfigurationPlatforms) = preSolution
		Debug|Any CPU = Debug|Any CPU
		Release|Any CPU = Release|Any CPU
	EndGlobalSection
	GlobalSection(ProjectConfigurationPlatforms) = postSolution
		{4925143C-83E1-41D4-BD4E-E7AB152FB86C}.Debug|Any CPU.ActiveCfg = Debug|Any CPU
		{4925143C-83E1-41D4-BD4E-E7AB152FB86C}.Release|Any CPU.ActiveCfg = Release|Any CPU
		{4925143C-83E1-41D4-BD4E-E7AB152FB86C}.Release|Any CPU.Build.0 = Release|Any CPU
		{2A5F32B1-5DD8-4245-B4C2-8C9C76C355EA}.Debug|Any CPU.ActiveCfg = Debug|Any CPU
		{2A5F32B1-5DD8-4245-B4C2-8C9C76C355EA}.Debug|Any CPU.Build.0 = Debug|Any CPU
		{2A5F32B1-5DD8-4245-B4C2-8C9C76C355EA}.Release|Any CPU.ActiveCfg = Release|Any CPU
		{2A5F32B1-5DD8-4245-B4C2-8C9C76C355EA}.Release|Any CPU.Build.0 = Release|Any CPU
		{862F0D20-FEF1-4CBF-8338-238F28D4AA6C}.Debug|Any CPU.ActiveCfg = Debug|Any CPU
		{862F0D20-FEF1-4CBF-8338-238F28D4AA6C}.Debug|Any CPU.Build.0 = Debug|Any CPU
		{862F0D20-FEF1-4CBF-8338-238F28D4AA6C}.Release|Any CPU.ActiveCfg = Release|Any CPU
		{862F0D20-FEF1-4CBF-8338-238F28D4AA6C}.Release|Any CPU.Build.0 = Release|Any CPU
	EndGlobalSection
	GlobalSection(SolutionProperties) = preSolution
		HideSolutionNode = FALSE
	EndGlobalSection
	GlobalSection(ExtensibilityGlobals) = postSolution
		SolutionGuid = {3E0FBCA0-B734-4C1C-A17A-AF73A1399A58}
	EndGlobalSection
	GlobalSection(MonoDevelopProperties) = preSolution
		Policies = $0
		$0.DotNetNamingPolicy = $1
		$1.DirectoryNamespaceAssociation = PrefixedHierarchical
		$0.TextStylePolicy = $2
		$2.inheritsSet = null
		$2.scope = text/x-csharp
		$0.CSharpFormattingPolicy = $3
		$3.scope = text/x-csharp
	EndGlobalSection
EndGlobal
